
Microsoft Visual Studio Solution File, Format Version 12.00
# Visual Studio Version 17
VisualStudioVersion = 17.5.002.0
MinimumVisualStudioVersion = 10.0.40219.1
Project("{9A19103F-16F7-4668-BE54-9A1E7A4F7556}") = "dem-so-thanh-chu", "dem-so-thanh-chu.csproj", "{DD4C0498-1798-4DBB-91A7-B32262D1AEB3}"
EndProject
Global
	GlobalSection(SolutionConfigurationPlatforms) = preSolution
		Debug|Any CPU = Debug|Any CPU
		Release|Any CPU = Release|Any CPU
	EndGlobalSection
	GlobalSection(ProjectConfigurationPlatforms) = postSolution
		{DD4C0498-1798-4DBB-91A7-B32262D1AEB3}.Debug|Any CPU.ActiveCfg = Debug|Any CPU
		{DD4C0498-1798-4DBB-91A7-B32262D1AEB3}.Debug|Any CPU.Build.0 = Debug|Any CPU
		{DD4C0498-1798-4DBB-91A7-B32262D1AEB3}.Release|Any CPU.ActiveCfg = Release|Any CPU
		{DD4C0498-1798-4DBB-91A7-B32262D1AEB3}.Release|Any CPU.Build.0 = Release|Any CPU
	EndGlobalSection
	GlobalSection(SolutionProperties) = preSolution
		HideSolutionNode = FALSE
	EndGlobalSection
	GlobalSection(ExtensibilityGlobals) = postSolution
		SolutionGuid = {2C67B660-8C52-4E1A-9C48-A7B251B13A33}
	EndGlobalSection
EndGlobal
